
Microsoft Visual Studio Solution File, Format Version 12.00
# Visual Studio Version 17
VisualStudioVersion = 17.11.35327.3
MinimumVisualStudioVersion = 10.0.40219.1
Project("{9A19103F-16F7-4668-BE54-9A1E7A4F7556}") = "DAT250_REST", "DAT250_REST\DAT250_REST.csproj", "{DB6818BE-6578-4E7A-8462-5C09B5EC67B7}"
EndProject
Project("{2150E333-8FDC-42A3-9474-1A3956D46DE8}") = "Tests", "Tests", "{700A48EF-27CD-4FF8-9365-1DA71CE1678A}"
EndProject
Project("{FAE04EC0-301F-11D3-BF4B-00C04F79EFBC}") = "WebApiIntegrationTesting", "WebApiIntegrationTesting\WebApiIntegrationTesting.csproj", "{B8446883-1576-4C83-829F-D60AAF6D684D}"
EndProject
Global
	GlobalSection(SolutionConfigurationPlatforms) = preSolution
		Debug|Any CPU = Debug|Any CPU
		Release|Any CPU = Release|Any CPU
	EndGlobalSection
	GlobalSection(ProjectConfigurationPlatforms) = postSolution
		{DB6818BE-6578-4E7A-8462-5C09B5EC67B7}.Debug|Any CPU.ActiveCfg = Debug|Any CPU
		{DB6818BE-6578-4E7A-8462-5C09B5EC67B7}.Debug|Any CPU.Build.0 = Debug|Any CPU
		{DB6818BE-6578-4E7A-8462-5C09B5EC67B7}.Release|Any CPU.ActiveCfg = Release|Any CPU
		{DB6818BE-6578-4E7A-8462-5C09B5EC67B7}.Release|Any CPU.Build.0 = Release|Any CPU
		{B8446883-1576-4C83-829F-D60AAF6D684D}.Debug|Any CPU.ActiveCfg = Debug|Any CPU
		{B8446883-1576-4C83-829F-D60AAF6D684D}.Debug|Any CPU.Build.0 = Debug|Any CPU
		{B8446883-1576-4C83-829F-D60AAF6D684D}.Release|Any CPU.ActiveCfg = Release|Any CPU
		{B8446883-1576-4C83-829F-D60AAF6D684D}.Release|Any CPU.Build.0 = Release|Any CPU
	EndGlobalSection
	GlobalSection(SolutionProperties) = preSolution
		HideSolutionNode = FALSE
	EndGlobalSection
	GlobalSection(NestedProjects) = preSolution
		{B8446883-1576-4C83-829F-D60AAF6D684D} = {700A48EF-27CD-4FF8-9365-1DA71CE1678A}
	EndGlobalSection
	GlobalSection(ExtensibilityGlobals) = postSolution
		SolutionGuid = {9B11E5BF-D50B-4539-954E-0DE7A2BDB5A8}
	EndGlobalSection
EndGlobal
